
Microsoft Visual Studio Solution File, Format Version 12.00
# Visual Studio Version 17
VisualStudioVersion = 17.14.36202.13 d17.14
MinimumVisualStudioVersion = 10.0.40219.1
Project("{FAE04EC0-301F-11D3-BF4B-00C04F79EFBC}") = "BasicAuthApi", "BasicAuthApi.csproj", "{5831B22F-70E2-4807-8960-A8539E0A86B2}"
EndProject
Global
	GlobalSection(SolutionConfigurationPlatforms) = preSolution
		Debug|Any CPU = Debug|Any CPU
		Release|Any CPU = Release|Any CPU
	EndGlobalSection
	GlobalSection(ProjectConfigurationPlatforms) = postSolution
		{5831B22F-70E2-4807-8960-A8539E0A86B2}.Debug|Any CPU.ActiveCfg = Debug|Any CPU
		{5831B22F-70E2-4807-8960-A8539E0A86B2}.Debug|Any CPU.Build.0 = Debug|Any CPU
		{5831B22F-70E2-4807-8960-A8539E0A86B2}.Release|Any CPU.ActiveCfg = Release|Any CPU
		{5831B22F-70E2-4807-8960-A8539E0A86B2}.Release|Any CPU.Build.0 = Release|Any CPU
	EndGlobalSection
	GlobalSection(SolutionProperties) = preSolution
		HideSolutionNode = FALSE
	EndGlobalSection
	GlobalSection(ExtensibilityGlobals) = postSolution
		SolutionGuid = {1FE1CE67-BA02-4076-ADFF-B4F54B460565}
	EndGlobalSection
EndGlobal
