
Microsoft Visual Studio Solution File, Format Version 12.00
# Visual Studio Version 17
VisualStudioVersion = 17.14.36414.22 d17.14
MinimumVisualStudioVersion = 10.0.40219.1
Project("{FAE04EC0-301F-11D3-BF4B-00C04F79EFBC}") = "RatelimitApp", "RatelimitApp\RatelimitApp.csproj", "{4C58921C-1931-4259-9B5C-81606063CE6F}"
EndProject
Global
	GlobalSection(SolutionConfigurationPlatforms) = preSolution
		Debug|Any CPU = Debug|Any CPU
		Release|Any CPU = Release|Any CPU
	EndGlobalSection
	GlobalSection(ProjectConfigurationPlatforms) = postSolution
		{4C58921C-1931-4259-9B5C-81606063CE6F}.Debug|Any CPU.ActiveCfg = Debug|Any CPU
		{4C58921C-1931-4259-9B5C-81606063CE6F}.Debug|Any CPU.Build.0 = Debug|Any CPU
		{4C58921C-1931-4259-9B5C-81606063CE6F}.Release|Any CPU.ActiveCfg = Release|Any CPU
		{4C58921C-1931-4259-9B5C-81606063CE6F}.Release|Any CPU.Build.0 = Release|Any CPU
	EndGlobalSection
	GlobalSection(SolutionProperties) = preSolution
		HideSolutionNode = FALSE
	EndGlobalSection
	GlobalSection(ExtensibilityGlobals) = postSolution
		SolutionGuid = {08F39D35-69D9-45EE-B8BA-DA3C83571421}
	EndGlobalSection
EndGlobal
