
Microsoft Visual Studio Solution File, Format Version 12.00
# Visual Studio Version 17
VisualStudioVersion = 17.14.36202.13 d17.14
MinimumVisualStudioVersion = 10.0.40219.1
Project("{FAE04EC0-301F-11D3-BF4B-00C04F79EFBC}") = "EmployeeAdminPortal", "EmployeeAdminPortal.csproj", "{221C157C-AAA3-4996-8E4D-A54ADD022A95}"
EndProject
Global
	GlobalSection(SolutionConfigurationPlatforms) = preSolution
		Debug|Any CPU = Debug|Any CPU
		Release|Any CPU = Release|Any CPU
	EndGlobalSection
	GlobalSection(ProjectConfigurationPlatforms) = postSolution
		{221C157C-AAA3-4996-8E4D-A54ADD022A95}.Debug|Any CPU.ActiveCfg = Debug|Any CPU
		{221C157C-AAA3-4996-8E4D-A54ADD022A95}.Debug|Any CPU.Build.0 = Debug|Any CPU
		{221C157C-AAA3-4996-8E4D-A54ADD022A95}.Release|Any CPU.ActiveCfg = Release|Any CPU
		{221C157C-AAA3-4996-8E4D-A54ADD022A95}.Release|Any CPU.Build.0 = Release|Any CPU
	EndGlobalSection
	GlobalSection(SolutionProperties) = preSolution
		HideSolutionNode = FALSE
	EndGlobalSection
	GlobalSection(ExtensibilityGlobals) = postSolution
		SolutionGuid = {0747DEEC-80FF-4E04-B0A8-28CCBC192861}
	EndGlobalSection
EndGlobal
