
Microsoft Visual Studio Solution File, Format Version 12.00
# Visual Studio Version 17
VisualStudioVersion = 17.14.36414.22 d17.14
MinimumVisualStudioVersion = 10.0.40219.1
Project("{FAE04EC0-301F-11D3-BF4B-00C04F79EFBC}") = "AttributeRoutingDemo", "AttributeRoutingDemo\AttributeRoutingDemo.csproj", "{8E6DA818-40DB-4545-BEC8-4559BFFF04B1}"
EndProject
Global
	GlobalSection(SolutionConfigurationPlatforms) = preSolution
		Debug|Any CPU = Debug|Any CPU
		Release|Any CPU = Release|Any CPU
	EndGlobalSection
	GlobalSection(ProjectConfigurationPlatforms) = postSolution
		{8E6DA818-40DB-4545-BEC8-4559BFFF04B1}.Debug|Any CPU.ActiveCfg = Debug|Any CPU
		{8E6DA818-40DB-4545-BEC8-4559BFFF04B1}.Debug|Any CPU.Build.0 = Debug|Any CPU
		{8E6DA818-40DB-4545-BEC8-4559BFFF04B1}.Release|Any CPU.ActiveCfg = Release|Any CPU
		{8E6DA818-40DB-4545-BEC8-4559BFFF04B1}.Release|Any CPU.Build.0 = Release|Any CPU
	EndGlobalSection
	GlobalSection(SolutionProperties) = preSolution
		HideSolutionNode = FALSE
	EndGlobalSection
	GlobalSection(ExtensibilityGlobals) = postSolution
		SolutionGuid = {EC0CFFB3-98B8-460D-9FE5-E6FEBCAE5684}
	EndGlobalSection
EndGlobal
